
Microsoft Visual Studio Solution File, Format Version 12.00
# Visual Studio Version 17
VisualStudioVersion = 17.4.33213.308
MinimumVisualStudioVersion = 10.0.40219.1
Project("{FAE04EC0-301F-11D3-BF4B-00C04F79EFBC}") = "SteelPlantAPI7292023", "SteelPlantAPI7292023\SteelPlantAPI7292023.csproj", "{092E32E8-0B38-4361-8B22-5C3FBFC4E8A3}"
EndProject
Global
	GlobalSection(SolutionConfigurationPlatforms) = preSolution
		Debug|Any CPU = Debug|Any CPU
		Release|Any CPU = Release|Any CPU
	EndGlobalSection
	GlobalSection(ProjectConfigurationPlatforms) = postSolution
		{092E32E8-0B38-4361-8B22-5C3FBFC4E8A3}.Debug|Any CPU.ActiveCfg = Debug|Any CPU
		{092E32E8-0B38-4361-8B22-5C3FBFC4E8A3}.Debug|Any CPU.Build.0 = Debug|Any CPU
		{092E32E8-0B38-4361-8B22-5C3FBFC4E8A3}.Release|Any CPU.ActiveCfg = Release|Any CPU
		{092E32E8-0B38-4361-8B22-5C3FBFC4E8A3}.Release|Any CPU.Build.0 = Release|Any CPU
	EndGlobalSection
	GlobalSection(SolutionProperties) = preSolution
		HideSolutionNode = FALSE
	EndGlobalSection
	GlobalSection(ExtensibilityGlobals) = postSolution
		SolutionGuid = {20583D23-EC29-4245-B1D2-689598DD8149}
	EndGlobalSection
EndGlobal
